{
  "requires": true,
  "lockfileVersion": 1,
  "dependencies": {
    "react-bootstrap-sweetalert": {
      "version": "5.1.9",
      "resolved": "https://registry.npmjs.org/react-bootstrap-sweetalert/-/react-bootstrap-sweetalert-5.1.9.tgz",
      "integrity": "sha512-/FVTTN4l5TEOTT6PpIZ6k1/61lKZ0hSWx2pY1xcEI2ZJ1NKrajaLAEW3CHka6yDWkdc+VKGCTk0sFnX64qCKkA=="
    }
  }
}
